
Microsoft Visual Studio Solution File, Format Version 12.00
# Visual Studio Version 17
VisualStudioVersion = 17.5.33530.505
MinimumVisualStudioVersion = 10.0.40219.1
Project("{FAE04EC0-301F-11D3-BF4B-00C04F79EFBC}") = "TaxiPark", "TaxiPark.csproj", "{9962AA60-914A-4CA6-9165-5C45C9CE9C02}"
EndProject
Global
	GlobalSection(SolutionConfigurationPlatforms) = preSolution
		Debug|Any CPU = Debug|Any CPU
		Release|Any CPU = Release|Any CPU
	EndGlobalSection
	GlobalSection(ProjectConfigurationPlatforms) = postSolution
		{9962AA60-914A-4CA6-9165-5C45C9CE9C02}.Debug|Any CPU.ActiveCfg = Debug|Any CPU
		{9962AA60-914A-4CA6-9165-5C45C9CE9C02}.Debug|Any CPU.Build.0 = Debug|Any CPU
		{9962AA60-914A-4CA6-9165-5C45C9CE9C02}.Release|Any CPU.ActiveCfg = Release|Any CPU
		{9962AA60-914A-4CA6-9165-5C45C9CE9C02}.Release|Any CPU.Build.0 = Release|Any CPU
	EndGlobalSection
	GlobalSection(SolutionProperties) = preSolution
		HideSolutionNode = FALSE
	EndGlobalSection
	GlobalSection(ExtensibilityGlobals) = postSolution
		SolutionGuid = {101390FE-E282-43CB-AECD-44DD3E92132D}
	EndGlobalSection
EndGlobal
